// !$*UTF8*$!
{
	archiveVersion = 1;
	classes = {
	};
	objectVersion = 46;
	objects = {

/* Begin PBXBuildFile section */
		D09842261EBDC5FA0018435A /* main.m in Sources */ = {isa = PBXBuildFile; fileRef = D09842251EBDC5FA0018435A /* main.m */; };
		D09842291EBDC5FA0018435A /* AppDelegate.m in Sources */ = {isa = PBXBuildFile; fileRef = D09842281EBDC5FA0018435A /* AppDelegate.m */; };
		D098422C1EBDC5FA0018435A /* ViewController.m in Sources */ = {isa = PBXBuildFile; fileRef = D098422B1EBDC5FA0018435A /* ViewController.m */; };
		D098422F1EBDC5FA0018435A /* Main.storyboard in Resources */ = {isa = PBXBuildFile; fileRef = D098422D1EBDC5FA0018435A /* Main.storyboard */; };
		D09842311EBDC5FA0018435A /* Assets.xcassets in Resources */ = {isa = PBXBuildFile; fileRef = D09842301EBDC5FA0018435A /* Assets.xcassets */; };
		D09842341EBDC5FA0018435A /* LaunchScreen.storyboard in Resources */ = {isa = PBXBuildFile; fileRef = D09842321EBDC5FA0018435A /* LaunchScreen.storyboard */; };
		D098423D1EBDC6470018435A /* LWWaveView.m in Sources */ = {isa = PBXBuildFile; fileRef = D098423C1EBDC6470018435A /* LWWaveView.m */; };
/* End PBXBuildFile section */

/* Begin PBXFileReference section */
		D09842211EBDC5F90018435A /* LWWaveRiseAndFall.app */ = {isa = PBXFileReference; explicitFileType = wrapper.application; includeInIndex = 0; path = LWWaveRiseAndFall.app; sourceTree = BUILT_PRODUCTS_DIR; };
		D09842251EBDC5FA0018435A /* main.m */ = {isa = PBXFileReference; lastKnownFileType = sourcecode.c.objc; path = main.m; sourceTree = "<group>"; };
		D09842271EBDC5FA0018435A /* AppDelegate.h */ = {isa = PBXFileReference; lastKnownFileType = sourcecode.c.h; path = AppDelegate.h; sourceTree = "<group>"; };
		D09842281EBDC5FA0018435A /* AppDelegate.m */ = {isa = PBXFileReference; lastKnownFileType = sourcecode.c.objc; path = AppDelegate.m; sourceTree = "<group>"; };
		D098422A1EBDC5FA0018435A /* ViewController.h */ = {isa = PBXFileReference; lastKnownFileType = sourcecode.c.h; path = ViewController.h; sourceTree = "<group>"; };
		D098422B1EBDC5FA0018435A /* ViewController.m */ = {isa = PBXFileReference; lastKnownFileType = sourcecode.c.objc; path = ViewController.m; sourceTree = "<group>"; };
		D098422E1EBDC5FA0018435A /* Base */ = {isa = PBXFileReference; lastKnownFileType = file.storyboard; name = Base; path = Base.lproj/Main.storyboard; sourceTree = "<group>"; };
		D09842301EBDC5FA0018435A /* Assets.xcassets */ = {isa = PBXFileReference; lastKnownFileType = folder.assetcatalog; path = Assets.xcassets; sourceTree = "<group>"; };
		D09842331EBDC5FA0018435A /* Base */ = {isa = PBXFileReference; lastKnownFileType = file.storyboard; name = Base; path = Base.lproj/LaunchScreen.storyboard; sourceTree = "<group>"; };
		D09842351EBDC5FA0018435A /* Info.plist */ = {isa = PBXFileReference; lastKnownFileType = text.plist.xml; path = Info.plist; sourceTree = "<group>"; };
		D098423B1EBDC6470018435A /* LWWaveView.h */ = {isa = PBXFileReference; fileEncoding = 4; lastKnownFileType = sourcecode.c.h; path = LWWaveView.h; sourceTree = "<group>"; };
		D098423C1EBDC6470018435A /* LWWaveView.m */ = {isa = PBXFileReference; fileEncoding = 4; lastKnownFileType = sourcecode.c.objc; path = LWWaveView.m; sourceTree = "<group>"; };
/* End PBXFileReference section */

/* Begin PBXFrameworksBuildPhase section */
		D098421E1EBDC5F90018435A /* Frameworks */ = {
			isa = PBXFrameworksBuildPhase;
			buildActionMask = 2147483647;
			files = (
			);
			runOnlyForDeploymentPostprocessing = 0;
		};
/* End PBXFrameworksBuildPhase section */

/* Begin PBXGroup section */
		D09842181EBDC5F90018435A = {
			isa = PBXGroup;
			children = (
				D09842231EBDC5FA0018435A /* LWWaveRiseAndFall */,
				D09842221EBDC5F90018435A /* Products */,
			);
			sourceTree = "<group>";
		};
		D09842221EBDC5F90018435A /* Products */ = {
			isa = PBXGroup;
			children = (
				D09842211EBDC5F90018435A /* LWWaveRiseAndFall.app */,
			);
			name = Products;
			sourceTree = "<group>";
		};
		D09842231EBDC5FA0018435A /* LWWaveRiseAndFall */ = {
			isa = PBXGroup;
			children = (
				D098423B1EBDC6470018435A /* LWWaveView.h */,
				D098423C1EBDC6470018435A /* LWWaveView.m */,
				D09842271EBDC5FA0018435A /* AppDelegate.h */,
				D09842281EBDC5FA0018435A /* AppDelegate.m */,
				D098422A1EBDC5FA0018435A /* ViewController.h */,
				D098422B1EBDC5FA0018435A /* ViewController.m */,
				D098422D1EBDC5FA0018435A /* Main.storyboard */,
				D09842301EBDC5FA0018435A /* Assets.xcassets */,
				D09842321EBDC5FA0018435A /* LaunchScreen.storyboard */,
				D09842351EBDC5FA0018435A /* Info.plist */,
				D09842241EBDC5FA0018435A /* Supporting Files */,
			);
			path = LWWaveRiseAndFall;
			sourceTree = "<group>";
		};
		D09842241EBDC5FA0018435A /* Supporting Files */ = {
			isa = PBXGroup;
			children = (
				D09842251EBDC5FA0018435A /* main.m */,
			);
			name = "Supporting Files";
			sourceTree = "<group>";
		};
/* End PBXGroup section */

/* Begin PBXNativeTarget section */
		D09842201EBDC5F90018435A /* LWWaveRiseAndFall */ = {
			isa = PBXNativeTarget;
			buildConfigurationList = D09842381EBDC5FA0018435A /* Build configuration list for PBXNativeTarget "LWWaveRiseAndFall" */;
			buildPhases = (
				D098421D1EBDC5F90018435A /* Sources */,
				D098421E1EBDC5F90018435A /* Frameworks */,
				D098421F1EBDC5F90018435A /* Resources */,
			);
			buildRules = (
			);
			dependencies = (
			);
			name = LWWaveRiseAndFall;
			productName = LWWaveRiseAndFall;
			productReference = D09842211EBDC5F90018435A /* LWWaveRiseAndFall.app */;
			productType = "com.apple.product-type.application";
		};
/* End PBXNativeTarget section */

/* Begin PBXProject section */
		D09842191EBDC5F90018435A /* Project object */ = {
			isa = PBXProject;
			attributes = {
				LastUpgradeCheck = 0830;
				ORGANIZATIONNAME = "张星星";
				TargetAttributes = {
					D09842201EBDC5F90018435A = {
						CreatedOnToolsVersion = 8.3.2;
						ProvisioningStyle = Automatic;
					};
				};
			};
			buildConfigurationList = D098421C1EBDC5F90018435A /* Build configuration list for PBXProject "LWWaveRiseAndFall" */;
			compatibilityVersion = "Xcode 3.2";
			developmentRegion = English;
			hasScannedForEncodings = 0;
			knownRegions = (
				en,
				Base,
			);
			mainGroup = D09842181EBDC5F90018435A;
			productRefGroup = D09842221EBDC5F90018435A /* Products */;
			projectDirPath = "";
			projectRoot = "";
			targets = (
				D09842201EBDC5F90018435A /* LWWaveRiseAndFall */,
			);
		};
/* End PBXProject section */

/* Begin PBXResourcesBuildPhase section */
		D098421F1EBDC5F90018435A /* Resources */ = {
			isa = PBXResourcesBuildPhase;
			buildActionMask = 2147483647;
			files = (
				D09842341EBDC5FA0018435A /* LaunchScreen.storyboard in Resources */,
				D09842311EBDC5FA0018435A /* Assets.xcassets in Resources */,
				D098422F1EBDC5FA0018435A /* Main.storyboard in Resources */,
			);
			runOnlyForDeploymentPostprocessing = 0;
		};
/* End PBXResourcesBuildPhase section */

/* Begin PBXSourcesBuildPhase section */
		D098421D1EBDC5F90018435A /* Sources */ = {
			isa = PBXSourcesBuildPhase;
			buildActionMask = 2147483647;
			files = (
				D098423D1EBDC6470018435A /* LWWaveView.m in Sources */,
				D098422C1EBDC5FA0018435A /* ViewController.m in Sources */,
				D09842291EBDC5FA0018435A /* AppDelegate.m in Sources */,
				D09842261EBDC5FA0018435A /* main.m in Sources */,
			);
			runOnlyForDeploymentPostprocessing = 0;
		};
/* End PBXSourcesBuildPhase section */

/* Begin PBXVariantGroup section */
		D098422D1EBDC5FA0018435A /* Main.storyboard */ = {
			isa = PBXVariantGroup;
			children = (
				D098422E1EBDC5FA0018435A /* Base */,
			);
			name = Main.storyboard;
			sourceTree = "<group>";
		};
		D09842321EBDC5FA0018435A /* LaunchScreen.storyboard */ = {
			isa = PBXVariantGroup;
			children = (
				D09842331EBDC5FA0018435A /* Base */,
			);
			name = LaunchScreen.storyboard;
			sourceTree = "<group>";
		};
/* End PBXVariantGroup section */

/* Begin XCBuildConfiguration section */
		D09842361EBDC5FA0018435A /* Debug */ = {
			isa = XCBuildConfiguration;
			buildSettings = {
				ALWAYS_SEARCH_USER_PATHS = NO;
				CLANG_ANALYZER_NONNULL = YES;
				CLANG_ANALYZER_NUMBER_OBJECT_CONVERSION = YES_AGGRESSIVE;
				CLANG_CXX_LANGUAGE_STANDARD = "gnu++0x";
				CLANG_CXX_LIBRARY = "libc++";
				CLANG_ENABLE_MODULES = YES;
				CLANG_ENABLE_OBJC_ARC = YES;
				CLANG_WARN_BOOL_CONVERSION = YES;
				CLANG_WARN_CONSTANT_CONVERSION = YES;
				CLANG_WARN_DIRECT_OBJC_ISA_USAGE = YES_ERROR;
				CLANG_WARN_DOCUMENTATION_COMMENTS = YES;
				CLANG_WARN_EMPTY_BODY = YES;
				CLANG_WARN_ENUM_CONVERSION = YES;
				CLANG_WARN_INFINITE_RECURSION = YES;
				CLANG_WARN_INT_CONVERSION = YES;
				CLANG_WARN_OBJC_ROOT_CLASS = YES_ERROR;
				CLANG_WARN_SUSPICIOUS_MOVE = YES;
				CLANG_WARN_UNREACHABLE_CODE = YES;
				CLANG_WARN__DUPLICATE_METHOD_MATCH = YES;
				"CODE_SIGN_IDENTITY[sdk=iphoneos*]" = "iPhone Developer";
				COPY_PHASE_STRIP = NO;
				DEBUG_INFORMATION_FORMAT = dwarf;
				ENABLE_STRICT_OBJC_MSGSEND = YES;
				ENABLE_TESTABILITY = YES;
				GCC_C_LANGUAGE_STANDARD = gnu99;
				GCC_DYNAMIC_NO_PIC = NO;
				GCC_NO_COMMON_BLOCKS = YES;
				GCC_OPTIMIZATION_LEVEL = 0;
				GCC_PREPROCESSOR_DEFINITIONS = (
					"DEBUG=1",
					"$(inherited)",
				);
				GCC_WARN_64_TO_32_BIT_CONVERSION = YES;
				GCC_WARN_ABOUT_RETURN_TYPE = YES_ERROR;
				GCC_WARN_UNDECLARED_SELECTOR = YES;
				GCC_WARN_UNINITIALIZED_AUTOS = YES_AGGRESSIVE;
				GCC_WARN_UNUSED_FUNCTION = YES;
				GCC_WARN_UNUSED_VARIABLE = YES;
				IPHONEOS_DEPLOYMENT_TARGET = 10.3;
				MTL_ENABLE_DEBUG_INFO = YES;
				ONLY_ACTIVE_ARCH = YES;
				SDKROOT = iphoneos;
				TARGETED_DEVICE_FAMILY = "1,2";
			};
			name = Debug;
		};
		D09842371EBDC5FA0018435A /* Release */ = {
			isa = XCBuildConfiguration;
			buildSettings = {
				ALWAYS_SEARCH_USER_PATHS = NO;
				CLANG_ANALYZER_NONNULL = YES;
				CLANG_ANALYZER_NUMBER_OBJECT_CONVERSION = YES_AGGRESSIVE;
				CLANG_CXX_LANGUAGE_STANDARD = "gnu++0x";
				CLANG_CXX_LIBRARY = "libc++";
				CLANG_ENABLE_MODULES = YES;
				CLANG_ENABLE_OBJC_ARC = YES;
				CLANG_WARN_BOOL_CONVERSION = YES;
				CLANG_WARN_CONSTANT_CONVERSION = YES;
				CLANG_WARN_DIRECT_OBJC_ISA_USAGE = YES_ERROR;
				CLANG_WARN_DOCUMENTATION_COMMENTS = YES;
				CLANG_WARN_EMPTY_BODY = YES;
				CLANG_WARN_ENUM_CONVERSION = YES;
				CLANG_WARN_INFINITE_RECURSION = YES;
				CLANG_WARN_INT_CONVERSION = YES;
				CLANG_WARN_OBJC_ROOT_CLASS = YES_ERROR;
				CLANG_WARN_SUSPICIOUS_MOVE = YES;
				CLANG_WARN_UNREACHABLE_CODE = YES;
				CLANG_WARN__DUPLICATE_METHOD_MATCH = YES;
				"CODE_SIGN_IDENTITY[sdk=iphoneos*]" = "iPhone Developer";
				COPY_PHASE_STRIP = NO;
				DEBUG_INFORMATION_FORMAT = "dwarf-with-dsym";
				ENABLE_NS_ASSERTIONS = NO;
				ENABLE_STRICT_OBJC_MSGSEND = YES;
				GCC_C_LANGUAGE_STANDARD = gnu99;
				GCC_NO_COMMON_BLOCKS = YES;
				GCC_WARN_64_TO_32_BIT_CONVERSION = YES;
				GCC_WARN_ABOUT_RETURN_TYPE = YES_ERROR;
				GCC_WARN_UNDECLARED_SELECTOR = YES;
				GCC_WARN_UNINITIALIZED_AUTOS = YES_AGGRESSIVE;
				GCC_WARN_UNUSED_FUNCTION = YES;
				GCC_WARN_UNUSED_VARIABLE = YES;
				IPHONEOS_DEPLOYMENT_TARGET = 10.3;
				MTL_ENABLE_DEBUG_INFO = NO;
				SDKROOT = iphoneos;
				TARGETED_DEVICE_FAMILY = "1,2";
				VALIDATE_PRODUCT = YES;
			};
			name = Release;
		};
		D09842391EBDC5FA0018435A /* Debug */ = {
			isa = XCBuildConfiguration;
			buildSettings = {
				ASSETCATALOG_COMPILER_APPICON_NAME = AppIcon;
				INFOPLIST_FILE = LWWaveRiseAndFall/Info.plist;
				LD_RUNPATH_SEARCH_PATHS = "$(inherited) @executable_path/Frameworks";
				PRODUCT_BUNDLE_IDENTIFIER = com.liwei.LWWaveRiseAndFall;
				PRODUCT_NAME = "$(TARGET_NAME)";
			};
			name = Debug;
		};
		D098423A1EBDC5FA0018435A /* Release */ = {
			isa = XCBuildConfiguration;
			buildSettings = {
				ASSETCATALOG_COMPILER_APPICON_NAME = AppIcon;
				INFOPLIST_FILE = LWWaveRiseAndFall/Info.plist;
				LD_RUNPATH_SEARCH_PATHS = "$(inherited) @executable_path/Frameworks";
				PRODUCT_BUNDLE_IDENTIFIER = com.liwei.LWWaveRiseAndFall;
				PRODUCT_NAME = "$(TARGET_NAME)";
			};
			name = Release;
		};
/* End XCBuildConfiguration section */

/* Begin XCConfigurationList section */
		D098421C1EBDC5F90018435A /* Build configuration list for PBXProject "LWWaveRiseAndFall" */ = {
			isa = XCConfigurationList;
			buildConfigurations = (
				D09842361EBDC5FA0018435A /* Debug */,
				D09842371EBDC5FA0018435A /* Release */,
			);
			defaultConfigurationIsVisible = 0;
			defaultConfigurationName = Release;
		};
		D09842381EBDC5FA0018435A /* Build configuration list for PBXNativeTarget "LWWaveRiseAndFall" */ = {
			isa = XCConfigurationList;
			buildConfigurations = (
				D09842391EBDC5FA0018435A /* Debug */,
				D098423A1EBDC5FA0018435A /* Release */,
			);
			defaultConfigurationIsVisible = 0;
		};
/* End XCConfigurationList section */
	};
	rootObject = D09842191EBDC5F90018435A /* Project object */;
}
